
Microsoft Visual Studio Solution File, Format Version 12.00
# Visual Studio Version 17
VisualStudioVersion = 17.4.33110.190
MinimumVisualStudioVersion = 10.0.40219.1
Project("{FAE04EC0-301F-11D3-BF4B-00C04F79EFBC}") = "EJERCICIO5", "EJERCICIO5\EJERCICIO5.csproj", "{89A0DC0B-0A12-471E-B3CF-D6AA63C83EB8}"
EndProject
Global
	GlobalSection(SolutionConfigurationPlatforms) = preSolution
		Debug|Any CPU = Debug|Any CPU
		Release|Any CPU = Release|Any CPU
	EndGlobalSection
	GlobalSection(ProjectConfigurationPlatforms) = postSolution
		{89A0DC0B-0A12-471E-B3CF-D6AA63C83EB8}.Debug|Any CPU.ActiveCfg = Debug|Any CPU
		{89A0DC0B-0A12-471E-B3CF-D6AA63C83EB8}.Debug|Any CPU.Build.0 = Debug|Any CPU
		{89A0DC0B-0A12-471E-B3CF-D6AA63C83EB8}.Release|Any CPU.ActiveCfg = Release|Any CPU
		{89A0DC0B-0A12-471E-B3CF-D6AA63C83EB8}.Release|Any CPU.Build.0 = Release|Any CPU
	EndGlobalSection
	GlobalSection(SolutionProperties) = preSolution
		HideSolutionNode = FALSE
	EndGlobalSection
	GlobalSection(ExtensibilityGlobals) = postSolution
		SolutionGuid = {90A8CF3A-50D4-44D7-AF43-E1C9FFB67C9C}
	EndGlobalSection
EndGlobal
